
Microsoft Visual Studio Solution File, Format Version 12.00
# Visual Studio Version 17
VisualStudioVersion = 17.3.32811.315
MinimumVisualStudioVersion = 10.0.40219.1
Project("{9A19103F-16F7-4668-BE54-9A1E7A4F7556}") = "Clinica.Dominio.EF", "Clinica.Dominio.EF\Clinica.Dominio.EF.csproj", "{F898C435-3DB5-4A82-92B8-22847B3BD91C}"
EndProject
Project("{9A19103F-16F7-4668-BE54-9A1E7A4F7556}") = "Clinica.Poco", "Clinica.Poco\Clinica.Poco.csproj", "{E66A5ADD-9007-436B-894F-3C08680C05E9}"
EndProject
Project("{9A19103F-16F7-4668-BE54-9A1E7A4F7556}") = "Clinica.Servico", "Clinica.Servico\Clinica.Servico.csproj", "{01974516-02DD-4901-B039-FFC0FB7E8636}"
EndProject
Project("{9A19103F-16F7-4668-BE54-9A1E7A4F7556}") = "ClinicaApi", "ClinicaApi\ClinicaApi.csproj", "{8D1645FA-267E-4214-872D-3CB222FE5190}"
EndProject
Project("{9A19103F-16F7-4668-BE54-9A1E7A4F7556}") = "Clinica.Mapping", "Clinica.Mapping\Clinica.Mapping.csproj", "{6B7BA6C3-5977-4701-ACB6-AD332CE6960D}"
EndProject
Project("{FAE04EC0-301F-11D3-BF4B-00C04F79EFBC}") = "Clinica.Repositorio", "Clinica.Repositorio\Clinica.Repositorio.csproj", "{954AC445-B9E0-408F-8523-FB235A0C8CEC}"
EndProject
Global
	GlobalSection(SolutionConfigurationPlatforms) = preSolution
		Debug|Any CPU = Debug|Any CPU
		Release|Any CPU = Release|Any CPU
	EndGlobalSection
	GlobalSection(ProjectConfigurationPlatforms) = postSolution
		{F898C435-3DB5-4A82-92B8-22847B3BD91C}.Debug|Any CPU.ActiveCfg = Debug|Any CPU
		{F898C435-3DB5-4A82-92B8-22847B3BD91C}.Debug|Any CPU.Build.0 = Debug|Any CPU
		{F898C435-3DB5-4A82-92B8-22847B3BD91C}.Release|Any CPU.ActiveCfg = Release|Any CPU
		{F898C435-3DB5-4A82-92B8-22847B3BD91C}.Release|Any CPU.Build.0 = Release|Any CPU
		{E66A5ADD-9007-436B-894F-3C08680C05E9}.Debug|Any CPU.ActiveCfg = Debug|Any CPU
		{E66A5ADD-9007-436B-894F-3C08680C05E9}.Debug|Any CPU.Build.0 = Debug|Any CPU
		{E66A5ADD-9007-436B-894F-3C08680C05E9}.Release|Any CPU.ActiveCfg = Release|Any CPU
		{E66A5ADD-9007-436B-894F-3C08680C05E9}.Release|Any CPU.Build.0 = Release|Any CPU
		{01974516-02DD-4901-B039-FFC0FB7E8636}.Debug|Any CPU.ActiveCfg = Debug|Any CPU
		{01974516-02DD-4901-B039-FFC0FB7E8636}.Debug|Any CPU.Build.0 = Debug|Any CPU
		{01974516-02DD-4901-B039-FFC0FB7E8636}.Release|Any CPU.ActiveCfg = Release|Any CPU
		{01974516-02DD-4901-B039-FFC0FB7E8636}.Release|Any CPU.Build.0 = Release|Any CPU
		{8D1645FA-267E-4214-872D-3CB222FE5190}.Debug|Any CPU.ActiveCfg = Debug|Any CPU
		{8D1645FA-267E-4214-872D-3CB222FE5190}.Debug|Any CPU.Build.0 = Debug|Any CPU
		{8D1645FA-267E-4214-872D-3CB222FE5190}.Release|Any CPU.ActiveCfg = Release|Any CPU
		{8D1645FA-267E-4214-872D-3CB222FE5190}.Release|Any CPU.Build.0 = Release|Any CPU
		{6B7BA6C3-5977-4701-ACB6-AD332CE6960D}.Debug|Any CPU.ActiveCfg = Debug|Any CPU
		{6B7BA6C3-5977-4701-ACB6-AD332CE6960D}.Debug|Any CPU.Build.0 = Debug|Any CPU
		{6B7BA6C3-5977-4701-ACB6-AD332CE6960D}.Release|Any CPU.ActiveCfg = Release|Any CPU
		{6B7BA6C3-5977-4701-ACB6-AD332CE6960D}.Release|Any CPU.Build.0 = Release|Any CPU
		{954AC445-B9E0-408F-8523-FB235A0C8CEC}.Debug|Any CPU.ActiveCfg = Debug|Any CPU
		{954AC445-B9E0-408F-8523-FB235A0C8CEC}.Debug|Any CPU.Build.0 = Debug|Any CPU
		{954AC445-B9E0-408F-8523-FB235A0C8CEC}.Release|Any CPU.ActiveCfg = Release|Any CPU
		{954AC445-B9E0-408F-8523-FB235A0C8CEC}.Release|Any CPU.Build.0 = Release|Any CPU
	EndGlobalSection
	GlobalSection(SolutionProperties) = preSolution
		HideSolutionNode = FALSE
	EndGlobalSection
	GlobalSection(ExtensibilityGlobals) = postSolution
		SolutionGuid = {03408F37-DDBB-40FF-957F-68221E0138C6}
	EndGlobalSection
EndGlobal
