
Microsoft Visual Studio Solution File, Format Version 12.00
# Visual Studio Version 17
VisualStudioVersion = 17.3.32811.315
MinimumVisualStudioVersion = 10.0.40219.1
Project("{9A19103F-16F7-4668-BE54-9A1E7A4F7556}") = "EstoqueConsoleApp", "EstoqueConsoleApp\EstoqueConsoleApp.csproj", "{FE9DAEC1-B80A-4D94-AFE0-8C098B10EDE1}"
EndProject
Project("{9A19103F-16F7-4668-BE54-9A1E7A4F7556}") = "EstudoConsoleApp", "EstudoConsoleApp\EstudoConsoleApp.csproj", "{84AB0652-B68B-44C3-944B-DCF830BB405B}"
EndProject
Project("{9A19103F-16F7-4668-BE54-9A1E7A4F7556}") = "EstoqueApp", "EstoqueApp\EstoqueApp.csproj", "{35E12832-5621-4F7E-A2CE-C77E2E129601}"
EndProject
Project("{2150E333-8FDC-42A3-9474-1A3956D46DE8}") = "01 - Exercicios", "01 - Exercicios", "{6F53A1A9-E09C-469E-806E-8A5A58384C5C}"
EndProject
Project("{2150E333-8FDC-42A3-9474-1A3956D46DE8}") = "02 - Modelo", "02 - Modelo", "{C8CE522E-A2F4-41C8-A0EB-83A7F4A93037}"
EndProject
Project("{2150E333-8FDC-42A3-9474-1A3956D46DE8}") = "03 - Arquitetura", "03 - Arquitetura", "{1EF5ED1E-8FF0-4F2C-A71D-EDD5743035A9}"
EndProject
Project("{9A19103F-16F7-4668-BE54-9A1E7A4F7556}") = "Atacado.Dominio", "Atacado.Domino\Atacado.Dominio.csproj", "{84838ABD-034A-4433-94C8-18891D7E4A06}"
EndProject
Project("{9A19103F-16F7-4668-BE54-9A1E7A4F7556}") = "Atacado.Poco", "Atacado.Povo\Atacado.Poco.csproj", "{9B9F4CF2-F137-4807-83B3-2240726AC808}"
EndProject
Project("{9A19103F-16F7-4668-BE54-9A1E7A4F7556}") = "Atacado.DB.FakeDB", "Atacado.DB.FakeDB\Atacado.DB.FakeDB.csproj", "{F6D210AB-520C-4427-9587-5B6115E15007}"
EndProject
Project("{FAE04EC0-301F-11D3-BF4B-00C04F79EFBC}") = "Atacado.Repositorio", "Atacado.Repositorio\Atacado.Repositorio.csproj", "{AE906081-68E0-4221-8548-C58866D1E028}"
EndProject
Global
	GlobalSection(SolutionConfigurationPlatforms) = preSolution
		Debug|Any CPU = Debug|Any CPU
		Release|Any CPU = Release|Any CPU
	EndGlobalSection
	GlobalSection(ProjectConfigurationPlatforms) = postSolution
		{FE9DAEC1-B80A-4D94-AFE0-8C098B10EDE1}.Debug|Any CPU.ActiveCfg = Debug|Any CPU
		{FE9DAEC1-B80A-4D94-AFE0-8C098B10EDE1}.Debug|Any CPU.Build.0 = Debug|Any CPU
		{FE9DAEC1-B80A-4D94-AFE0-8C098B10EDE1}.Release|Any CPU.ActiveCfg = Release|Any CPU
		{FE9DAEC1-B80A-4D94-AFE0-8C098B10EDE1}.Release|Any CPU.Build.0 = Release|Any CPU
		{84AB0652-B68B-44C3-944B-DCF830BB405B}.Debug|Any CPU.ActiveCfg = Debug|Any CPU
		{84AB0652-B68B-44C3-944B-DCF830BB405B}.Debug|Any CPU.Build.0 = Debug|Any CPU
		{84AB0652-B68B-44C3-944B-DCF830BB405B}.Release|Any CPU.ActiveCfg = Release|Any CPU
		{84AB0652-B68B-44C3-944B-DCF830BB405B}.Release|Any CPU.Build.0 = Release|Any CPU
		{35E12832-5621-4F7E-A2CE-C77E2E129601}.Debug|Any CPU.ActiveCfg = Debug|Any CPU
		{35E12832-5621-4F7E-A2CE-C77E2E129601}.Debug|Any CPU.Build.0 = Debug|Any CPU
		{35E12832-5621-4F7E-A2CE-C77E2E129601}.Release|Any CPU.ActiveCfg = Release|Any CPU
		{35E12832-5621-4F7E-A2CE-C77E2E129601}.Release|Any CPU.Build.0 = Release|Any CPU
		{84838ABD-034A-4433-94C8-18891D7E4A06}.Debug|Any CPU.ActiveCfg = Debug|Any CPU
		{84838ABD-034A-4433-94C8-18891D7E4A06}.Debug|Any CPU.Build.0 = Debug|Any CPU
		{84838ABD-034A-4433-94C8-18891D7E4A06}.Release|Any CPU.ActiveCfg = Release|Any CPU
		{84838ABD-034A-4433-94C8-18891D7E4A06}.Release|Any CPU.Build.0 = Release|Any CPU
		{9B9F4CF2-F137-4807-83B3-2240726AC808}.Debug|Any CPU.ActiveCfg = Debug|Any CPU
		{9B9F4CF2-F137-4807-83B3-2240726AC808}.Debug|Any CPU.Build.0 = Debug|Any CPU
		{9B9F4CF2-F137-4807-83B3-2240726AC808}.Release|Any CPU.ActiveCfg = Release|Any CPU
		{9B9F4CF2-F137-4807-83B3-2240726AC808}.Release|Any CPU.Build.0 = Release|Any CPU
		{F6D210AB-520C-4427-9587-5B6115E15007}.Debug|Any CPU.ActiveCfg = Debug|Any CPU
		{F6D210AB-520C-4427-9587-5B6115E15007}.Debug|Any CPU.Build.0 = Debug|Any CPU
		{F6D210AB-520C-4427-9587-5B6115E15007}.Release|Any CPU.ActiveCfg = Release|Any CPU
		{F6D210AB-520C-4427-9587-5B6115E15007}.Release|Any CPU.Build.0 = Release|Any CPU
		{AE906081-68E0-4221-8548-C58866D1E028}.Debug|Any CPU.ActiveCfg = Debug|Any CPU
		{AE906081-68E0-4221-8548-C58866D1E028}.Debug|Any CPU.Build.0 = Debug|Any CPU
		{AE906081-68E0-4221-8548-C58866D1E028}.Release|Any CPU.ActiveCfg = Release|Any CPU
		{AE906081-68E0-4221-8548-C58866D1E028}.Release|Any CPU.Build.0 = Release|Any CPU
	EndGlobalSection
	GlobalSection(SolutionProperties) = preSolution
		HideSolutionNode = FALSE
	EndGlobalSection
	GlobalSection(NestedProjects) = preSolution
		{FE9DAEC1-B80A-4D94-AFE0-8C098B10EDE1} = {6F53A1A9-E09C-469E-806E-8A5A58384C5C}
		{84AB0652-B68B-44C3-944B-DCF830BB405B} = {6F53A1A9-E09C-469E-806E-8A5A58384C5C}
		{35E12832-5621-4F7E-A2CE-C77E2E129601} = {C8CE522E-A2F4-41C8-A0EB-83A7F4A93037}
		{84838ABD-034A-4433-94C8-18891D7E4A06} = {1EF5ED1E-8FF0-4F2C-A71D-EDD5743035A9}
		{9B9F4CF2-F137-4807-83B3-2240726AC808} = {1EF5ED1E-8FF0-4F2C-A71D-EDD5743035A9}
		{F6D210AB-520C-4427-9587-5B6115E15007} = {1EF5ED1E-8FF0-4F2C-A71D-EDD5743035A9}
		{AE906081-68E0-4221-8548-C58866D1E028} = {1EF5ED1E-8FF0-4F2C-A71D-EDD5743035A9}
	EndGlobalSection
	GlobalSection(ExtensibilityGlobals) = postSolution
		SolutionGuid = {30BDF65E-0274-4040-8486-77641C2534A3}
	EndGlobalSection
EndGlobal
