
Microsoft Visual Studio Solution File, Format Version 12.00
# Visual Studio Version 17
VisualStudioVersion = 17.3.32811.315
MinimumVisualStudioVersion = 10.0.40219.1
Project("{9A19103F-16F7-4668-BE54-9A1E7A4F7556}") = "EstoqueConsoleApp", "EstoqueConsoleApp\EstoqueConsoleApp.csproj", "{FE9DAEC1-B80A-4D94-AFE0-8C098B10EDE1}"
EndProject
Project("{FAE04EC0-301F-11D3-BF4B-00C04F79EFBC}") = "EstudoConsoleApp", "EstudoConsoleApp\EstudoConsoleApp.csproj", "{84AB0652-B68B-44C3-944B-DCF830BB405B}"
EndProject
Global
	GlobalSection(SolutionConfigurationPlatforms) = preSolution
		Debug|Any CPU = Debug|Any CPU
		Release|Any CPU = Release|Any CPU
	EndGlobalSection
	GlobalSection(ProjectConfigurationPlatforms) = postSolution
		{FE9DAEC1-B80A-4D94-AFE0-8C098B10EDE1}.Debug|Any CPU.ActiveCfg = Debug|Any CPU
		{FE9DAEC1-B80A-4D94-AFE0-8C098B10EDE1}.Debug|Any CPU.Build.0 = Debug|Any CPU
		{FE9DAEC1-B80A-4D94-AFE0-8C098B10EDE1}.Release|Any CPU.ActiveCfg = Release|Any CPU
		{FE9DAEC1-B80A-4D94-AFE0-8C098B10EDE1}.Release|Any CPU.Build.0 = Release|Any CPU
		{84AB0652-B68B-44C3-944B-DCF830BB405B}.Debug|Any CPU.ActiveCfg = Debug|Any CPU
		{84AB0652-B68B-44C3-944B-DCF830BB405B}.Debug|Any CPU.Build.0 = Debug|Any CPU
		{84AB0652-B68B-44C3-944B-DCF830BB405B}.Release|Any CPU.ActiveCfg = Release|Any CPU
		{84AB0652-B68B-44C3-944B-DCF830BB405B}.Release|Any CPU.Build.0 = Release|Any CPU
	EndGlobalSection
	GlobalSection(SolutionProperties) = preSolution
		HideSolutionNode = FALSE
	EndGlobalSection
	GlobalSection(ExtensibilityGlobals) = postSolution
		SolutionGuid = {30BDF65E-0274-4040-8486-77641C2534A3}
	EndGlobalSection
EndGlobal
